
Microsoft Visual Studio Solution File, Format Version 12.00
# Visual Studio 15
VisualStudioVersion = 15.0.27703.2026
MinimumVisualStudioVersion = 10.0.40219.1
Project("{FAE04EC0-301F-11D3-BF4B-00C04F79EFBC}") = "ListImplementations", "ListImplementations\ListImplementations.csproj", "{9392AB98-4039-476A-B0B1-73853A303885}"
EndProject
Global
	GlobalSection(SolutionConfigurationPlatforms) = preSolution
		Debug|Any CPU = Debug|Any CPU
		Release|Any CPU = Release|Any CPU
	EndGlobalSection
	GlobalSection(ProjectConfigurationPlatforms) = postSolution
		{9392AB98-4039-476A-B0B1-73853A303885}.Debug|Any CPU.ActiveCfg = Debug|Any CPU
		{9392AB98-4039-476A-B0B1-73853A303885}.Debug|Any CPU.Build.0 = Debug|Any CPU
		{9392AB98-4039-476A-B0B1-73853A303885}.Release|Any CPU.ActiveCfg = Release|Any CPU
		{9392AB98-4039-476A-B0B1-73853A303885}.Release|Any CPU.Build.0 = Release|Any CPU
	EndGlobalSection
	GlobalSection(SolutionProperties) = preSolution
		HideSolutionNode = FALSE
	EndGlobalSection
	GlobalSection(ExtensibilityGlobals) = postSolution
		SolutionGuid = {47E13951-4438-4616-B847-D21C5272AF04}
	EndGlobalSection
EndGlobal
